// !$*UTF8*$!
{
	archiveVersion = 1;
	classes = {
	};
	objectVersion = 46;
	objects = {

/* Begin PBXBuildFile section */
		A7222AF21F286CDD00437917 /* ch02_6.cpp in Sources */ = {isa = PBXBuildFile; fileRef = A7222AF11F286CDD00437917 /* ch02_6.cpp */; };
/* End PBXBuildFile section */

/* Begin PBXCopyFilesBuildPhase section */
		A75957AD1F28493800B89D4F /* CopyFiles */ = {
			isa = PBXCopyFilesBuildPhase;
			buildActionMask = 2147483647;
			dstPath = /usr/share/man/man1/;
			dstSubfolderSpec = 0;
			files = (
			);
			runOnlyForDeploymentPostprocessing = 1;
		};
/* End PBXCopyFilesBuildPhase section */

/* Begin PBXFileReference section */
		A7222AED1F286B8400437917 /* ch02_4.cpp */ = {isa = PBXFileReference; fileEncoding = 4; lastKnownFileType = sourcecode.cpp.cpp; path = ch02_4.cpp; sourceTree = "<group>"; };
		A7222AEF1F286C6800437917 /* ch02_5.cpp */ = {isa = PBXFileReference; fileEncoding = 4; lastKnownFileType = sourcecode.cpp.cpp; path = ch02_5.cpp; sourceTree = "<group>"; };
		A7222AF11F286CDD00437917 /* ch02_6.cpp */ = {isa = PBXFileReference; fileEncoding = 4; lastKnownFileType = sourcecode.cpp.cpp; path = ch02_6.cpp; sourceTree = "<group>"; };
		A75957AF1F28493800B89D4F /* cppexample */ = {isa = PBXFileReference; explicitFileType = "compiled.mach-o.executable"; includeInIndex = 0; path = cppexample; sourceTree = BUILT_PRODUCTS_DIR; };
		A75957B91F28498A00B89D4F /* ch02_1.cpp */ = {isa = PBXFileReference; fileEncoding = 4; lastKnownFileType = sourcecode.cpp.cpp; path = ch02_1.cpp; sourceTree = "<group>"; };
		A75957BA1F28498A00B89D4F /* ch02_2.cpp */ = {isa = PBXFileReference; fileEncoding = 4; lastKnownFileType = sourcecode.cpp.cpp; path = ch02_2.cpp; sourceTree = "<group>"; };
		A75957BB1F28498A00B89D4F /* ch02_3.cpp */ = {isa = PBXFileReference; fileEncoding = 4; lastKnownFileType = sourcecode.cpp.cpp; path = ch02_3.cpp; sourceTree = "<group>"; };
/* End PBXFileReference section */

/* Begin PBXFrameworksBuildPhase section */
		A75957AC1F28493800B89D4F /* Frameworks */ = {
			isa = PBXFrameworksBuildPhase;
			buildActionMask = 2147483647;
			files = (
			);
			runOnlyForDeploymentPostprocessing = 0;
		};
/* End PBXFrameworksBuildPhase section */

/* Begin PBXGroup section */
		A75957A61F28493800B89D4F = {
			isa = PBXGroup;
			children = (
				A75957B11F28493800B89D4F /* cppexample */,
				A75957B01F28493800B89D4F /* Products */,
			);
			sourceTree = "<group>";
		};
		A75957B01F28493800B89D4F /* Products */ = {
			isa = PBXGroup;
			children = (
				A75957AF1F28493800B89D4F /* cppexample */,
			);
			name = Products;
			sourceTree = "<group>";
		};
		A75957B11F28493800B89D4F /* cppexample */ = {
			isa = PBXGroup;
			children = (
				A75957B91F28498A00B89D4F /* ch02_1.cpp */,
				A75957BA1F28498A00B89D4F /* ch02_2.cpp */,
				A75957BB1F28498A00B89D4F /* ch02_3.cpp */,
				A7222AED1F286B8400437917 /* ch02_4.cpp */,
				A7222AEF1F286C6800437917 /* ch02_5.cpp */,
				A7222AF11F286CDD00437917 /* ch02_6.cpp */,
			);
			path = cppexample;
			sourceTree = "<group>";
		};
/* End PBXGroup section */

/* Begin PBXNativeTarget section */
		A75957AE1F28493800B89D4F /* cppexample */ = {
			isa = PBXNativeTarget;
			buildConfigurationList = A75957B61F28493800B89D4F /* Build configuration list for PBXNativeTarget "cppexample" */;
			buildPhases = (
				A75957AB1F28493800B89D4F /* Sources */,
				A75957AC1F28493800B89D4F /* Frameworks */,
				A75957AD1F28493800B89D4F /* CopyFiles */,
			);
			buildRules = (
			);
			dependencies = (
			);
			name = cppexample;
			productName = cppexample;
			productReference = A75957AF1F28493800B89D4F /* cppexample */;
			productType = "com.apple.product-type.tool";
		};
/* End PBXNativeTarget section */

/* Begin PBXProject section */
		A75957A71F28493800B89D4F /* Project object */ = {
			isa = PBXProject;
			attributes = {
				LastUpgradeCheck = 0830;
				ORGANIZATIONNAME = berdnamu;
				TargetAttributes = {
					A75957AE1F28493800B89D4F = {
						CreatedOnToolsVersion = 8.3.3;
						DevelopmentTeam = 45D52DFX53;
						ProvisioningStyle = Automatic;
					};
				};
			};
			buildConfigurationList = A75957AA1F28493800B89D4F /* Build configuration list for PBXProject "cppexample" */;
			compatibilityVersion = "Xcode 3.2";
			developmentRegion = English;
			hasScannedForEncodings = 0;
			knownRegions = (
				en,
			);
			mainGroup = A75957A61F28493800B89D4F;
			productRefGroup = A75957B01F28493800B89D4F /* Products */;
			projectDirPath = "";
			projectRoot = "";
			targets = (
				A75957AE1F28493800B89D4F /* cppexample */,
			);
		};
/* End PBXProject section */

/* Begin PBXSourcesBuildPhase section */
		A75957AB1F28493800B89D4F /* Sources */ = {
			isa = PBXSourcesBuildPhase;
			buildActionMask = 2147483647;
			files = (
				A7222AF21F286CDD00437917 /* ch02_6.cpp in Sources */,
			);
			runOnlyForDeploymentPostprocessing = 0;
		};
/* End PBXSourcesBuildPhase section */

/* Begin XCBuildConfiguration section */
		A75957B41F28493800B89D4F /* Debug */ = {
			isa = XCBuildConfiguration;
			buildSettings = {
				ALWAYS_SEARCH_USER_PATHS = NO;
				CLANG_ANALYZER_NONNULL = YES;
				CLANG_ANALYZER_NUMBER_OBJECT_CONVERSION = YES_AGGRESSIVE;
				CLANG_CXX_LANGUAGE_STANDARD = "gnu++0x";
				CLANG_CXX_LIBRARY = "libc++";
				CLANG_ENABLE_MODULES = YES;
				CLANG_ENABLE_OBJC_ARC = YES;
				CLANG_WARN_BOOL_CONVERSION = YES;
				CLANG_WARN_CONSTANT_CONVERSION = YES;
				CLANG_WARN_DIRECT_OBJC_ISA_USAGE = YES_ERROR;
				CLANG_WARN_DOCUMENTATION_COMMENTS = YES;
				CLANG_WARN_EMPTY_BODY = YES;
				CLANG_WARN_ENUM_CONVERSION = YES;
				CLANG_WARN_INFINITE_RECURSION = YES;
				CLANG_WARN_INT_CONVERSION = YES;
				CLANG_WARN_OBJC_ROOT_CLASS = YES_ERROR;
				CLANG_WARN_SUSPICIOUS_MOVE = YES;
				CLANG_WARN_UNREACHABLE_CODE = YES;
				CLANG_WARN__DUPLICATE_METHOD_MATCH = YES;
				CODE_SIGN_IDENTITY = "-";
				COPY_PHASE_STRIP = NO;
				DEBUG_INFORMATION_FORMAT = dwarf;
				ENABLE_STRICT_OBJC_MSGSEND = YES;
				ENABLE_TESTABILITY = YES;
				GCC_C_LANGUAGE_STANDARD = gnu99;
				GCC_DYNAMIC_NO_PIC = NO;
				GCC_NO_COMMON_BLOCKS = YES;
				GCC_OPTIMIZATION_LEVEL = 0;
				GCC_PREPROCESSOR_DEFINITIONS = (
					"DEBUG=1",
					"$(inherited)",
				);
				GCC_WARN_64_TO_32_BIT_CONVERSION = YES;
				GCC_WARN_ABOUT_RETURN_TYPE = YES_ERROR;
				GCC_WARN_UNDECLARED_SELECTOR = YES;
				GCC_WARN_UNINITIALIZED_AUTOS = YES_AGGRESSIVE;
				GCC_WARN_UNUSED_FUNCTION = YES;
				GCC_WARN_UNUSED_VARIABLE = YES;
				MACOSX_DEPLOYMENT_TARGET = 10.12;
				MTL_ENABLE_DEBUG_INFO = YES;
				ONLY_ACTIVE_ARCH = YES;
				SDKROOT = macosx;
			};
			name = Debug;
		};
		A75957B51F28493800B89D4F /* Release */ = {
			isa = XCBuildConfiguration;
			buildSettings = {
				ALWAYS_SEARCH_USER_PATHS = NO;
				CLANG_ANALYZER_NONNULL = YES;
				CLANG_ANALYZER_NUMBER_OBJECT_CONVERSION = YES_AGGRESSIVE;
				CLANG_CXX_LANGUAGE_STANDARD = "gnu++0x";
				CLANG_CXX_LIBRARY = "libc++";
				CLANG_ENABLE_MODULES = YES;
				CLANG_ENABLE_OBJC_ARC = YES;
				CLANG_WARN_BOOL_CONVERSION = YES;
				CLANG_WARN_CONSTANT_CONVERSION = YES;
				CLANG_WARN_DIRECT_OBJC_ISA_USAGE = YES_ERROR;
				CLANG_WARN_DOCUMENTATION_COMMENTS = YES;
				CLANG_WARN_EMPTY_BODY = YES;
				CLANG_WARN_ENUM_CONVERSION = YES;
				CLANG_WARN_INFINITE_RECURSION = YES;
				CLANG_WARN_INT_CONVERSION = YES;
				CLANG_WARN_OBJC_ROOT_CLASS = YES_ERROR;
				CLANG_WARN_SUSPICIOUS_MOVE = YES;
				CLANG_WARN_UNREACHABLE_CODE = YES;
				CLANG_WARN__DUPLICATE_METHOD_MATCH = YES;
				CODE_SIGN_IDENTITY = "-";
				COPY_PHASE_STRIP = NO;
				DEBUG_INFORMATION_FORMAT = "dwarf-with-dsym";
				ENABLE_NS_ASSERTIONS = NO;
				ENABLE_STRICT_OBJC_MSGSEND = YES;
				GCC_C_LANGUAGE_STANDARD = gnu99;
				GCC_NO_COMMON_BLOCKS = YES;
				GCC_WARN_64_TO_32_BIT_CONVERSION = YES;
				GCC_WARN_ABOUT_RETURN_TYPE = YES_ERROR;
				GCC_WARN_UNDECLARED_SELECTOR = YES;
				GCC_WARN_UNINITIALIZED_AUTOS = YES_AGGRESSIVE;
				GCC_WARN_UNUSED_FUNCTION = YES;
				GCC_WARN_UNUSED_VARIABLE = YES;
				MACOSX_DEPLOYMENT_TARGET = 10.12;
				MTL_ENABLE_DEBUG_INFO = NO;
				SDKROOT = macosx;
			};
			name = Release;
		};
		A75957B71F28493800B89D4F /* Debug */ = {
			isa = XCBuildConfiguration;
			buildSettings = {
				DEVELOPMENT_TEAM = 45D52DFX53;
				PRODUCT_NAME = "$(TARGET_NAME)";
			};
			name = Debug;
		};
		A75957B81F28493800B89D4F /* Release */ = {
			isa = XCBuildConfiguration;
			buildSettings = {
				DEVELOPMENT_TEAM = 45D52DFX53;
				PRODUCT_NAME = "$(TARGET_NAME)";
			};
			name = Release;
		};
/* End XCBuildConfiguration section */

/* Begin XCConfigurationList section */
		A75957AA1F28493800B89D4F /* Build configuration list for PBXProject "cppexample" */ = {
			isa = XCConfigurationList;
			buildConfigurations = (
				A75957B41F28493800B89D4F /* Debug */,
				A75957B51F28493800B89D4F /* Release */,
			);
			defaultConfigurationIsVisible = 0;
			defaultConfigurationName = Release;
		};
		A75957B61F28493800B89D4F /* Build configuration list for PBXNativeTarget "cppexample" */ = {
			isa = XCConfigurationList;
			buildConfigurations = (
				A75957B71F28493800B89D4F /* Debug */,
				A75957B81F28493800B89D4F /* Release */,
			);
			defaultConfigurationIsVisible = 0;
			defaultConfigurationName = Release;
		};
/* End XCConfigurationList section */
	};
	rootObject = A75957A71F28493800B89D4F /* Project object */;
}
